<?xml version="1.0" encoding="utf-8"?>
<Project ToolsVersion="4.0" xmlns="http://schemas.microsoft.com/developer/msbuild/2003">
  <ItemGroup>
    <Filter Include="Source Files">
      <UniqueIdentifier>{4FC737F1-C7A5-4376-A066-2A32D752A2FF}</UniqueIdentifier>
      <Extensions>cpp;c;cc;cxx;def;odl;idl;hpj;bat;asm;asmx</Extensions>
    </Filter>
    <Filter Include="Header Files">
      <UniqueIdentifier>{93995380-89BD-4b04-88EB-625FBE52EBFB}</UniqueIdentifier>
      <Extensions>h;hh;hpp;hxx;hm;inl;inc;xsd</Extensions>
    </Filter>
    <Filter Include="Resource Files">
      <UniqueIdentifier>{67DA6AB6-F800-4c08-8B7A-83BB121AAD01}</UniqueIdentifier>
      <Extensions>rc;ico;cur;bmp;dlg;rc2;rct;bin;rgs;gif;jpg;jpeg;jpe;resx;tiff;tif;png;wav;mfcribbon-ms</Extensions>
    </Filter>
  </ItemGroup>
  <ItemGroup>
    <ClCompile Include="dllmain.cpp">
      <Filter>Source Files</Filter>
    </ClCompile>
  </ItemGroup>
  <ItemGroup>
    <ClInclude Include="eqapp.h">
      <Filter>Header Files</Filter>
    </ClInclude>
    <ClInclude Include="eqapp_detours.h">
      <Filter>Header Files</Filter>
    </ClInclude>
    <ClInclude Include="eqapp_functions.h">
      <Filter>Header Files</Filter>
    </ClInclude>
    <ClInclude Include="eq.h">
      <Filter>Header Files</Filter>
    </ClInclude>
    <ClInclude Include="eq_functions.h">
      <Filter>Header Files</Filter>
    </ClInclude>
    <ClInclude Include="eqapp_memory.h">
      <Filter>Header Files</Filter>
    </ClInclude>
    <ClInclude Include="eqapp_ini.h">
      <Filter>Header Files</Filter>
    </ClInclude>
    <ClInclude Include="eqapp_console.h">
      <Filter>Header Files</Filter>
    </ClInclude>
    <ClInclude Include="eq_classes.h">
      <Filter>Header Files</Filter>
    </ClInclude>
    <ClInclude Include="eq_macros.h">
      <Filter>Header Files</Filter>
    </ClInclude>
    <ClInclude Include="eq_structures.h">
      <Filter>Header Files</Filter>
    </ClInclude>
    <ClInclude Include="eqapp_speedhack.h">
      <Filter>Header Files</Filter>
    </ClInclude>
    <ClInclude Include="eq_pointers.h">
      <Filter>Header Files</Filter>
    </ClInclude>
    <ClInclude Include="eq_offsets.h">
      <Filter>Header Files</Filter>
    </ClInclude>
    <ClInclude Include="eqapp_alwaysattack.h">
      <Filter>Header Files</Filter>
    </ClInclude>
    <ClInclude Include="eq_graphicsdll.h">
      <Filter>Header Files</Filter>
    </ClInclude>
    <ClInclude Include="eqapp_bufftimers.h">
      <Filter>Header Files</Filter>
    </ClInclude>
    <ClInclude Include="eqapp_itemdisplay.h">
      <Filter>Header Files</Filter>
    </ClInclude>
    <ClInclude Include="eqapp_hidecorpselooted.h">
      <Filter>Header Files</Filter>
    </ClInclude>
    <ClInclude Include="eqapp_namespritetint.h">
      <Filter>Header Files</Filter>
    </ClInclude>
    <ClInclude Include="eqapp_changeheight.h">
      <Filter>Header Files</Filter>
    </ClInclude>
    <ClInclude Include="eqapp_namespritestate.h">
      <Filter>Header Files</Filter>
    </ClInclude>
    <ClInclude Include="eqapp_standwhencastspell.h">
      <Filter>Header Files</Filter>
    </ClInclude>
    <ClInclude Include="eqapp_esp.h">
      <Filter>Header Files</Filter>
    </ClInclude>
    <ClInclude Include="eqapp_maxskills.h">
      <Filter>Header Files</Filter>
    </ClInclude>
    <ClInclude Include="eqapp_foodanddrink.h">
      <Filter>Header Files</Filter>
    </ClInclude>
    <ClInclude Include="eqapp_useskills.h">
      <Filter>Header Files</Filter>
    </ClInclude>
    <ClInclude Include="eqapp_map.h">
      <Filter>Header Files</Filter>
    </ClInclude>
    <ClInclude Include="eq_types.h">
      <Filter>Header Files</Filter>
    </ClInclude>
    <ClInclude Include="eqapp_namedspawns.h">
      <Filter>Header Files</Filter>
    </ClInclude>
    <ClInclude Include="eqapp_autoloot.h">
      <Filter>Header Files</Filter>
    </ClInclude>
    <ClInclude Include="eqapp_spellset.h">
      <Filter>Header Files</Filter>
    </ClInclude>
    <ClInclude Include="eqapp_interpretcmd.h">
      <Filter>Header Files</Filter>
    </ClInclude>
    <ClInclude Include="eqapp_networkstats.h">
      <Filter>Header Files</Filter>
    </ClInclude>
    <ClInclude Include="eqapp_drawdistance.h">
      <Filter>Header Files</Filter>
    </ClInclude>
    <ClInclude Include="eqapp_extramousebuttons.h">
      <Filter>Header Files</Filter>
    </ClInclude>
    <ClInclude Include="eqapp_neverfrozen.h">
      <Filter>Header Files</Filter>
    </ClInclude>
    <ClInclude Include="eqapp_extendedtargets.h">
      <Filter>Header Files</Filter>
    </ClInclude>
    <ClInclude Include="eqapp_gui_menu.h">
      <Filter>Header Files</Filter>
    </ClInclude>
    <ClInclude Include="eqapp_gui_menuitem.h">
      <Filter>Header Files</Filter>
    </ClInclude>
    <ClInclude Include="eqapp_gui_base.h">
      <Filter>Header Files</Filter>
    </ClInclude>
    <ClInclude Include="eqapp_gui_button.h">
      <Filter>Header Files</Filter>
    </ClInclude>
    <ClInclude Include="eqapp_merchantwindow.h">
      <Filter>Header Files</Filter>
    </ClInclude>
    <ClInclude Include="eqapp_mainmenu.h">
      <Filter>Header Files</Filter>
    </ClInclude>
    <ClInclude Include="eqapp_autoinventory.h">
      <Filter>Header Files</Filter>
    </ClInclude>
    <ClInclude Include="eqapp_boxchat.h">
      <Filter>Header Files</Filter>
    </ClInclude>
    <ClInclude Include="eqapp_autofollow.h">
      <Filter>Header Files</Filter>
    </ClInclude>
    <ClInclude Include="eqapp_trainspells.h">
      <Filter>Header Files</Filter>
    </ClInclude>
    <ClInclude Include="eqapp_spawnalert.h">
      <Filter>Header Files</Filter>
    </ClInclude>
    <ClInclude Include="eqapp_gui.h">
      <Filter>Header Files</Filter>
    </ClInclude>
    <ClInclude Include="eqapp_gui_classes.h">
      <Filter>Header Files</Filter>
    </ClInclude>
    <ClInclude Include="eqapp_hudtext.h">
      <Filter>Header Files</Filter>
    </ClInclude>
  </ItemGroup>
</Project>