<?xml version="1.0" encoding="utf-8"?>
<Project ToolsVersion="4.0" xmlns="http://schemas.microsoft.com/developer/msbuild/2003">
  <ItemGroup>
    <Filter Include="Resource Files">
      <UniqueIdentifier>{67DA6AB6-F800-4c08-8B7A-83BB121AAD01}</UniqueIdentifier>
      <Extensions>rc;ico;cur;bmp;dlg;rc2;rct;bin;rgs;gif;jpg;jpeg;jpe;resx;tiff;tif;png;wav;mfcribbon-ms</Extensions>
    </Filter>
    <Filter Include="imgui">
      <UniqueIdentifier>{20e66205-dd9b-4a8c-b003-6ab756abcbe9}</UniqueIdentifier>
    </Filter>
    <Filter Include="eq">
      <UniqueIdentifier>{93995380-89BD-4b04-88EB-625FBE52EBFB}</UniqueIdentifier>
      <Extensions>h;hh;hpp;hxx;hm;inl;inc;ipp;xsd</Extensions>
    </Filter>
    <Filter Include="eqapp">
      <UniqueIdentifier>{4FC737F1-C7A5-4376-A066-2A32D752A2FF}</UniqueIdentifier>
      <Extensions>cpp;c;cc;cxx;def;odl;idl;hpj;bat;asm;asmx</Extensions>
    </Filter>
    <Filter Include="inc">
      <UniqueIdentifier>{fb999966-f23b-4ea9-ab02-ab71a97bffd4}</UniqueIdentifier>
    </Filter>
  </ItemGroup>
  <ItemGroup>
    <ClInclude Include="eqapp_functions.h">
      <Filter>eqapp</Filter>
    </ClInclude>
    <ClInclude Include="eqapp_hud.h">
      <Filter>eqapp</Filter>
    </ClInclude>
    <ClInclude Include="eqapp_interpretcommand.h">
      <Filter>eqapp</Filter>
    </ClInclude>
    <ClInclude Include="eqapp_nodraw.h">
      <Filter>eqapp</Filter>
    </ClInclude>
    <ClInclude Include="eqapp_sleep.h">
      <Filter>eqapp</Filter>
    </ClInclude>
    <ClInclude Include="eqapp_windowtitle.h">
      <Filter>eqapp</Filter>
    </ClInclude>
    <ClInclude Include="eqapp.h">
      <Filter>eqapp</Filter>
    </ClInclude>
    <ClInclude Include="eqapp_actorcollision.h">
      <Filter>eqapp</Filter>
    </ClInclude>
    <ClInclude Include="eqapp_addresses.h">
      <Filter>eqapp</Filter>
    </ClInclude>
    <ClInclude Include="eqapp_alwaysattack.h">
      <Filter>eqapp</Filter>
    </ClInclude>
    <ClInclude Include="eqapp_alwayshotbutton.h">
      <Filter>eqapp</Filter>
    </ClInclude>
    <ClInclude Include="eqapp_autogroup.h">
      <Filter>eqapp</Filter>
    </ClInclude>
    <ClInclude Include="eqapp_boxchat.h">
      <Filter>eqapp</Filter>
    </ClInclude>
    <ClInclude Include="eqapp_changeheight.h">
      <Filter>eqapp</Filter>
    </ClInclude>
    <ClInclude Include="eqapp_combathotbutton.h">
      <Filter>eqapp</Filter>
    </ClInclude>
    <ClInclude Include="eqapp_console.h">
      <Filter>eqapp</Filter>
    </ClInclude>
    <ClInclude Include="eqapp_detours.h">
      <Filter>eqapp</Filter>
    </ClInclude>
    <ClInclude Include="eqapp_followai.h">
      <Filter>eqapp</Filter>
    </ClInclude>
    <ClInclude Include="..\eq\eq.h">
      <Filter>eq</Filter>
    </ClInclude>
    <ClInclude Include="..\eq\eq_addresses.h">
      <Filter>eq</Filter>
    </ClInclude>
    <ClInclude Include="..\eq\eq_classes.h">
      <Filter>eq</Filter>
    </ClInclude>
    <ClInclude Include="..\eq\eq_constants.h">
      <Filter>eq</Filter>
    </ClInclude>
    <ClInclude Include="..\eq\eq_cxwnd.h">
      <Filter>eq</Filter>
    </ClInclude>
    <ClInclude Include="..\eq\eq_executecmd.h">
      <Filter>eq</Filter>
    </ClInclude>
    <ClInclude Include="..\eq\eq_functions.h">
      <Filter>eq</Filter>
    </ClInclude>
    <ClInclude Include="..\eq\eq_keys.h">
      <Filter>eq</Filter>
    </ClInclude>
    <ClInclude Include="..\eq\eq_macros.h">
      <Filter>eq</Filter>
    </ClInclude>
    <ClInclude Include="..\eq\eq_memory.h">
      <Filter>eq</Filter>
    </ClInclude>
    <ClInclude Include="..\eq\eq_messages.h">
      <Filter>eq</Filter>
    </ClInclude>
    <ClInclude Include="..\eq\eq_virtualkeycodes.h">
      <Filter>eq</Filter>
    </ClInclude>
    <ClInclude Include="eqapp_freecamera.h">
      <Filter>eqapp</Filter>
    </ClInclude>
    <ClInclude Include="eqapp_esp.h">
      <Filter>eqapp</Filter>
    </ClInclude>
    <ClInclude Include="eqapp_chatevent.h">
      <Filter>eqapp</Filter>
    </ClInclude>
    <ClInclude Include="eqapp_namedspawns.h">
      <Filter>eqapp</Filter>
    </ClInclude>
    <ClInclude Include="eqapp_speed.h">
      <Filter>eqapp</Filter>
    </ClInclude>
    <ClInclude Include="eqapp_waypoint.h">
      <Filter>eqapp</Filter>
    </ClInclude>
    <ClInclude Include="eqapp_namecolor.h">
      <Filter>eqapp</Filter>
    </ClInclude>
    <ClInclude Include="eqapp_windowforeground.h">
      <Filter>eqapp</Filter>
    </ClInclude>
    <ClInclude Include="eqapp_lantern.h">
      <Filter>eqapp</Filter>
    </ClInclude>
    <ClInclude Include="eqapp_bandolier.h">
      <Filter>eqapp</Filter>
    </ClInclude>
    <ClInclude Include="eqapp_cheat.h">
      <Filter>eqapp</Filter>
    </ClInclude>
    <ClInclude Include="eqapp_killmobs.h">
      <Filter>eqapp</Filter>
    </ClInclude>
    <ClInclude Include="eqapp_bazaarfilter.h">
      <Filter>eqapp</Filter>
    </ClInclude>
    <ClInclude Include="eqapp_noalert.h">
      <Filter>eqapp</Filter>
    </ClInclude>
    <ClInclude Include="eqapp_powerlevel.h">
      <Filter>eqapp</Filter>
    </ClInclude>
    <ClInclude Include="eqapp_combatmacro.h">
      <Filter>eqapp</Filter>
    </ClInclude>
    <ClInclude Include="eqapp_macro.h">
      <Filter>eqapp</Filter>
    </ClInclude>
    <ClInclude Include="eqapp_bazaarbot.h">
      <Filter>eqapp</Filter>
    </ClInclude>
    <ClInclude Include="eqapp_autobank.h">
      <Filter>eqapp</Filter>
    </ClInclude>
    <ClInclude Include="eqapp_autoinventory.h">
      <Filter>eqapp</Filter>
    </ClInclude>
    <ClInclude Include="imconfig.h">
      <Filter>imgui</Filter>
    </ClInclude>
    <ClInclude Include="imgui.h">
      <Filter>imgui</Filter>
    </ClInclude>
    <ClInclude Include="imgui_impl_dx9.h">
      <Filter>imgui</Filter>
    </ClInclude>
    <ClInclude Include="imgui_impl_win32.h">
      <Filter>imgui</Filter>
    </ClInclude>
    <ClInclude Include="imgui_internal.h">
      <Filter>imgui</Filter>
    </ClInclude>
    <ClInclude Include="imgui_stdlib.h">
      <Filter>imgui</Filter>
    </ClInclude>
    <ClInclude Include="imstb_rectpack.h">
      <Filter>imgui</Filter>
    </ClInclude>
    <ClInclude Include="imstb_textedit.h">
      <Filter>imgui</Filter>
    </ClInclude>
    <ClInclude Include="imstb_truetype.h">
      <Filter>imgui</Filter>
    </ClInclude>
    <ClInclude Include="eqapp_gui.h">
      <Filter>eqapp</Filter>
    </ClInclude>
    <ClInclude Include="eqapp_gui_mainwindow.h">
      <Filter>eqapp</Filter>
    </ClInclude>
    <ClInclude Include="eqapp_gui_mapwindow.h">
      <Filter>eqapp</Filter>
    </ClInclude>
    <ClInclude Include="eqapp_gui_waypointeditorwindow.h">
      <Filter>eqapp</Filter>
    </ClInclude>
    <ClInclude Include="eqapp_gui_dockwindow.h">
      <Filter>eqapp</Filter>
    </ClInclude>
    <ClInclude Include="eqapp_gui_spawnlistwindow.h">
      <Filter>eqapp</Filter>
    </ClInclude>
    <ClInclude Include="eqapp_area.h">
      <Filter>eqapp</Filter>
    </ClInclude>
    <ClInclude Include="eqapp_loadoptions.h">
      <Filter>eqapp</Filter>
    </ClInclude>
    <ClInclude Include="eqapp_gui_transmogwindow.h">
      <Filter>eqapp</Filter>
    </ClInclude>
    <ClInclude Include="eq_addresses_live.h">
      <Filter>eq</Filter>
    </ClInclude>
    <ClInclude Include="eq_addresses_test.h">
      <Filter>eq</Filter>
    </ClInclude>
    <ClInclude Include="inc_master.h">
      <Filter>inc</Filter>
    </ClInclude>
    <ClInclude Include="eqapp_utility_string.h">
      <Filter>eqapp</Filter>
    </ClInclude>
    <ClInclude Include="eqapp_utility_timer.h">
      <Filter>eqapp</Filter>
    </ClInclude>
    <ClInclude Include="eqapp_utility_ini.h">
      <Filter>eqapp</Filter>
    </ClInclude>
    <ClInclude Include="eqapp_detours_prototypes.h">
      <Filter>eqapp</Filter>
    </ClInclude>
    <ClInclude Include="eqapp_autotrade.h">
      <Filter>eqapp</Filter>
    </ClInclude>
    <ClInclude Include="..\eq\eq_spellaffects.h">
      <Filter>eq</Filter>
    </ClInclude>
    <ClInclude Include="..\eq\eq_structures.h">
      <Filter>eq</Filter>
    </ClInclude>
  </ItemGroup>
  <ItemGroup>
    <ClCompile Include="dllmain.cpp">
      <Filter>eqapp</Filter>
    </ClCompile>
    <ClCompile Include="imgui.cpp">
      <Filter>imgui</Filter>
    </ClCompile>
    <ClCompile Include="imgui_demo.cpp">
      <Filter>imgui</Filter>
    </ClCompile>
    <ClCompile Include="imgui_draw.cpp">
      <Filter>imgui</Filter>
    </ClCompile>
    <ClCompile Include="imgui_impl_dx9.cpp">
      <Filter>imgui</Filter>
    </ClCompile>
    <ClCompile Include="imgui_impl_win32.cpp">
      <Filter>imgui</Filter>
    </ClCompile>
    <ClCompile Include="imgui_stdlib.cpp">
      <Filter>imgui</Filter>
    </ClCompile>
    <ClCompile Include="imgui_widgets.cpp">
      <Filter>imgui</Filter>
    </ClCompile>
  </ItemGroup>
</Project>