<?xml version="1.0" encoding="utf-8"?>
<Project ToolsVersion="4.0" xmlns="http://schemas.microsoft.com/developer/msbuild/2003">
  <ItemGroup>
    <Filter Include="Source Files">
      <UniqueIdentifier>{4FC737F1-C7A5-4376-A066-2A32D752A2FF}</UniqueIdentifier>
      <Extensions>cpp;c;cc;cxx;def;odl;idl;hpj;bat;asm;asmx</Extensions>
    </Filter>
    <Filter Include="Header Files">
      <UniqueIdentifier>{93995380-89BD-4b04-88EB-625FBE52EBFB}</UniqueIdentifier>
      <Extensions>h;hh;hpp;hxx;hm;inl;inc;xsd</Extensions>
    </Filter>
    <Filter Include="Resource Files">
      <UniqueIdentifier>{67DA6AB6-F800-4c08-8B7A-83BB121AAD01}</UniqueIdentifier>
      <Extensions>rc;ico;cur;bmp;dlg;rc2;rct;bin;rgs;gif;jpg;jpeg;jpe;resx;tiff;tif;png;wav;mfcribbon-ms</Extensions>
    </Filter>
  </ItemGroup>
  <ItemGroup>
    <ClInclude Include="..\..\eqsod\include\eqsod.h">
      <Filter>Header Files</Filter>
    </ClInclude>
    <ClInclude Include="..\..\eqsod\include\eqsod_functions.h">
      <Filter>Header Files</Filter>
    </ClInclude>
    <ClInclude Include="..\..\eqsod\include\eqsod_lua.h">
      <Filter>Header Files</Filter>
    </ClInclude>
    <ClInclude Include="imgui_impl_glfw.h">
      <Filter>Header Files</Filter>
    </ClInclude>
    <ClInclude Include="..\..\..\_libraries\imgui\imgui.h">
      <Filter>Header Files</Filter>
    </ClInclude>
    <ClInclude Include="eqapp_waypoint.h">
      <Filter>Header Files</Filter>
    </ClInclude>
    <ClInclude Include="eqapp_imgui_consolewindow.h">
      <Filter>Header Files</Filter>
    </ClInclude>
    <ClInclude Include="eqapp_memory.h">
      <Filter>Header Files</Filter>
    </ClInclude>
    <ClInclude Include="eqapp_functions.h">
      <Filter>Header Files</Filter>
    </ClInclude>
    <ClInclude Include="eqapp.h">
      <Filter>Header Files</Filter>
    </ClInclude>
    <ClInclude Include="eqapp_detours.h">
      <Filter>Header Files</Filter>
    </ClInclude>
    <ClInclude Include="eqapp_imgui.h">
      <Filter>Header Files</Filter>
    </ClInclude>
    <ClInclude Include="eqapp_imgui_functions.h">
      <Filter>Header Files</Filter>
    </ClInclude>
    <ClInclude Include="eqapp_sounds.h">
      <Filter>Header Files</Filter>
    </ClInclude>
    <ClInclude Include="eqapp_freecamera.h">
      <Filter>Header Files</Filter>
    </ClInclude>
    <ClInclude Include="eqapp_linetotarget.h">
      <Filter>Header Files</Filter>
    </ClInclude>
    <ClInclude Include="eqapp_namedspawns.h">
      <Filter>Header Files</Filter>
    </ClInclude>
    <ClInclude Include="eqapp_imgui_optionswindow.h">
      <Filter>Header Files</Filter>
    </ClInclude>
    <ClInclude Include="eqapp_census.h">
      <Filter>Header Files</Filter>
    </ClInclude>
    <ClInclude Include="eqapp_nobeep.h">
      <Filter>Header Files</Filter>
    </ClInclude>
    <ClInclude Include="eqapp_characterfile.h">
      <Filter>Header Files</Filter>
    </ClInclude>
    <ClInclude Include="eqapp_textoverlaychattext.h">
      <Filter>Header Files</Filter>
    </ClInclude>
    <ClInclude Include="eqapp_doors.h">
      <Filter>Header Files</Filter>
    </ClInclude>
    <ClInclude Include="eqapp_hud.h">
      <Filter>Header Files</Filter>
    </ClInclude>
    <ClInclude Include="eqapp_console.h">
      <Filter>Header Files</Filter>
    </ClInclude>
    <ClInclude Include="eqapp_maplocations.h">
      <Filter>Header Files</Filter>
    </ClInclude>
    <ClInclude Include="eqapp_zoneshortnames.h">
      <Filter>Header Files</Filter>
    </ClInclude>
    <ClInclude Include="eqapp_onscreentext.h">
      <Filter>Header Files</Filter>
    </ClInclude>
    <ClInclude Include="eqapp_autoloot.h">
      <Filter>Header Files</Filter>
    </ClInclude>
    <ClInclude Include="eqapp_targetbeep.h">
      <Filter>Header Files</Filter>
    </ClInclude>
    <ClInclude Include="eqapp_spawnbeep.h">
      <Filter>Header Files</Filter>
    </ClInclude>
    <ClInclude Include="eqapp_interpretcommand.h">
      <Filter>Header Files</Filter>
    </ClInclude>
    <ClInclude Include="eqapp_alwaysattack.h">
      <Filter>Header Files</Filter>
    </ClInclude>
    <ClInclude Include="eqapp_hidecorpselooted.h">
      <Filter>Header Files</Filter>
    </ClInclude>
    <ClInclude Include="eqapp_maxswimmingskill.h">
      <Filter>Header Files</Filter>
    </ClInclude>
    <ClInclude Include="eqapp_changeheight.h">
      <Filter>Header Files</Filter>
    </ClInclude>
    <ClInclude Include="eqapp_maplabels.h">
      <Filter>Header Files</Filter>
    </ClInclude>
    <ClInclude Include="eqapp_drawdistance.h">
      <Filter>Header Files</Filter>
    </ClInclude>
    <ClInclude Include="eqapp_combathotbutton.h">
      <Filter>Header Files</Filter>
    </ClInclude>
    <ClInclude Include="eqapp_alwayshotbutton.h">
      <Filter>Header Files</Filter>
    </ClInclude>
    <ClInclude Include="eqapp_spawncastspell.h">
      <Filter>Header Files</Filter>
    </ClInclude>
    <ClInclude Include="eqapp_banklist.h">
      <Filter>Header Files</Filter>
    </ClInclude>
    <ClInclude Include="eqapp_inventorylist.h">
      <Filter>Header Files</Filter>
    </ClInclude>
    <ClInclude Include="eqapp_esp.h">
      <Filter>Header Files</Filter>
    </ClInclude>
    <ClInclude Include="eqapp_spawnlist.h">
      <Filter>Header Files</Filter>
    </ClInclude>
    <ClInclude Include="eqapp_esp_functions.h">
      <Filter>Header Files</Filter>
    </ClInclude>
    <ClInclude Include="eqapp_esp_spawnlist.h">
      <Filter>Header Files</Filter>
    </ClInclude>
    <ClInclude Include="eqapp_esp_custom.h">
      <Filter>Header Files</Filter>
    </ClInclude>
    <ClInclude Include="eqapp_playeralert.h">
      <Filter>Header Files</Filter>
    </ClInclude>
    <ClInclude Include="eqapp_swimspeed.h">
      <Filter>Header Files</Filter>
    </ClInclude>
    <ClInclude Include="..\..\eqsod\include\eqsod_offsets.h">
      <Filter>Header Files</Filter>
    </ClInclude>
    <ClInclude Include="..\..\eqsod\include\eqsod_sizes.h">
      <Filter>Header Files</Filter>
    </ClInclude>
    <ClInclude Include="eqapp_replaceraces.h">
      <Filter>Header Files</Filter>
    </ClInclude>
    <ClInclude Include="eqapp_autogroup.h">
      <Filter>Header Files</Filter>
    </ClInclude>
    <ClInclude Include="eqapp_zoneactors.h">
      <Filter>Header Files</Filter>
    </ClInclude>
  </ItemGroup>
  <ItemGroup>
    <ClCompile Include="dllmain.cpp">
      <Filter>Source Files</Filter>
    </ClCompile>
    <ClCompile Include="imgui_impl_glfw.cpp">
      <Filter>Source Files</Filter>
    </ClCompile>
    <ClCompile Include="..\..\..\_libraries\imgui\imgui.cpp">
      <Filter>Source Files</Filter>
    </ClCompile>
    <ClCompile Include="..\..\..\_libraries\imgui\imgui_draw.cpp">
      <Filter>Source Files</Filter>
    </ClCompile>
    <ClCompile Include="..\..\..\_libraries\imgui\imgui_demo.cpp">
      <Filter>Source Files</Filter>
    </ClCompile>
  </ItemGroup>
</Project>